
Microsoft Visual Studio Solution File, Format Version 12.00
# Visual Studio 15
VisualStudioVersion = 15.0.28307.902
MinimumVisualStudioVersion = 10.0.40219.1
Project("{FAE04EC0-301F-11D3-BF4B-00C04F79EFBC}") = "Date2019", "Date2019\Date2019.csproj", "{D8F3EE9E-A9F5-43A1-B2BF-96CAE36F99B6}"
EndProject
Global
	GlobalSection(SolutionConfigurationPlatforms) = preSolution
		Debug|Any CPU = Debug|Any CPU
		Release|Any CPU = Release|Any CPU
	EndGlobalSection
	GlobalSection(ProjectConfigurationPlatforms) = postSolution
		{D8F3EE9E-A9F5-43A1-B2BF-96CAE36F99B6}.Debug|Any CPU.ActiveCfg = Debug|Any CPU
		{D8F3EE9E-A9F5-43A1-B2BF-96CAE36F99B6}.Debug|Any CPU.Build.0 = Debug|Any CPU
		{D8F3EE9E-A9F5-43A1-B2BF-96CAE36F99B6}.Release|Any CPU.ActiveCfg = Release|Any CPU
		{D8F3EE9E-A9F5-43A1-B2BF-96CAE36F99B6}.Release|Any CPU.Build.0 = Release|Any CPU
	EndGlobalSection
	GlobalSection(SolutionProperties) = preSolution
		HideSolutionNode = FALSE
	EndGlobalSection
	GlobalSection(ExtensibilityGlobals) = postSolution
		SolutionGuid = {76CCE590-8F21-40DF-A725-7ECF3408D956}
	EndGlobalSection
EndGlobal
